
Microsoft Visual Studio Solution File, Format Version 12.00
# Visual Studio Version 17
VisualStudioVersion = 17.1.32421.90
MinimumVisualStudioVersion = 10.0.40219.1
Project("{FAE04EC0-301F-11D3-BF4B-00C04F79EFBC}") = "Dapper.AutoMap", "Dapper.AutoMap\Dapper.AutoMap.csproj", "{12DA72A5-2599-466F-B2A0-DFB193119233}"
EndProject
Global
	GlobalSection(SolutionConfigurationPlatforms) = preSolution
		Debug|Any CPU = Debug|Any CPU
		Release|Any CPU = Release|Any CPU
	EndGlobalSection
	GlobalSection(ProjectConfigurationPlatforms) = postSolution
		{12DA72A5-2599-466F-B2A0-DFB193119233}.Debug|Any CPU.ActiveCfg = Debug|Any CPU
		{12DA72A5-2599-466F-B2A0-DFB193119233}.Debug|Any CPU.Build.0 = Debug|Any CPU
		{12DA72A5-2599-466F-B2A0-DFB193119233}.Release|Any CPU.ActiveCfg = Release|Any CPU
		{12DA72A5-2599-466F-B2A0-DFB193119233}.Release|Any CPU.Build.0 = Release|Any CPU
	EndGlobalSection
	GlobalSection(SolutionProperties) = preSolution
		HideSolutionNode = FALSE
	EndGlobalSection
	GlobalSection(ExtensibilityGlobals) = postSolution
		SolutionGuid = {D45B01E3-4444-4A49-94EE-6A1F45802F10}
	EndGlobalSection
EndGlobal
